dependencies:
- name: grafana
  repository: https://grafana.github.io/helm-charts
  version: 8.5.1
- name: loki-distributed
  repository: https://grafana.github.io/helm-charts
  version: 0.79.3
- name: mimir-distributed
  repository: https://grafana.github.io/helm-charts
  version: 5.5.0-weekly.308
- name: tempo-distributed
  repository: https://grafana.github.io/helm-charts
  version: 1.18.0
- name: oncall
  repository: https://grafana.github.io/helm-charts
  version: 1.9.25
- name: k8s-monitoring
  repository: https://grafana.github.io/helm-charts
  version: 1.5.1
digest: sha256:ff9b1b236ab74bba24ff1820241864e3614524a39d1ed4c012044659844eb658
generated: "2024-09-18T19:40:08.265926+08:00"
